
Microsoft Visual Studio Solution File, Format Version 12.00
# Visual Studio Version 17
VisualStudioVersion = 17.3.32901.215
MinimumVisualStudioVersion = 10.0.40219.1
Project("{FAE04EC0-301F-11D3-BF4B-00C04F79EFBC}") = "Taxes_Report", "Taxes_Report\Taxes_Report.csproj", "{5756B454-0759-4BA3-8094-76FE3BA76D7E}"
EndProject
Global
	GlobalSection(SolutionConfigurationPlatforms) = preSolution
		Debug|Any CPU = Debug|Any CPU
		Release|Any CPU = Release|Any CPU
	EndGlobalSection
	GlobalSection(ProjectConfigurationPlatforms) = postSolution
		{5756B454-0759-4BA3-8094-76FE3BA76D7E}.Debug|Any CPU.ActiveCfg = Debug|Any CPU
		{5756B454-0759-4BA3-8094-76FE3BA76D7E}.Debug|Any CPU.Build.0 = Debug|Any CPU
		{5756B454-0759-4BA3-8094-76FE3BA76D7E}.Release|Any CPU.ActiveCfg = Release|Any CPU
		{5756B454-0759-4BA3-8094-76FE3BA76D7E}.Release|Any CPU.Build.0 = Release|Any CPU
	EndGlobalSection
	GlobalSection(SolutionProperties) = preSolution
		HideSolutionNode = FALSE
	EndGlobalSection
	GlobalSection(ExtensibilityGlobals) = postSolution
		SolutionGuid = {0ED96799-CC2D-4117-A728-27E053A8F5EC}
	EndGlobalSection
EndGlobal
